// !$*UTF8*$!
{
	archiveVersion = 1;
	classes = {
	};
	objectVersion = 56;
	objects = {

/* Begin PBXBuildFile section */
		4225D7C02C5D4C3D00F932BC /* PersistableTimerText in Frameworks */ = {isa = PBXBuildFile; productRef = 4225D7BF2C5D4C3D00F932BC /* PersistableTimerText */; };
		4252439E2C66137400981D2F /* MultipleStopwatchView.swift in Sources */ = {isa = PBXBuildFile; fileRef = 4252439D2C66137400981D2F /* MultipleStopwatchView.swift */; };
		425243A12C661BCB00981D2F /* UserDefaultsEditor in Frameworks */ = {isa = PBXBuildFile; productRef = 425243A02C661BCB00981D2F /* UserDefaultsEditor */; };
		42A8519F2B6F95C700B94CA1 /* TimerTestApp.swift in Sources */ = {isa = PBXBuildFile; fileRef = 42A8519E2B6F95C700B94CA1 /* TimerTestApp.swift */; };
		42A851A12B6F95C700B94CA1 /* ContentView.swift in Sources */ = {isa = PBXBuildFile; fileRef = 42A851A02B6F95C700B94CA1 /* ContentView.swift */; };
		42A851A32B6F95C900B94CA1 /* Assets.xcassets in Resources */ = {isa = PBXBuildFile; fileRef = 42A851A22B6F95C900B94CA1 /* Assets.xcassets */; };
		42A851A62B6F95C900B94CA1 /* Preview Assets.xcassets in Resources */ = {isa = PBXBuildFile; fileRef = 42A851A52B6F95C900B94CA1 /* Preview Assets.xcassets */; };
		42A851AF2B6F960A00B94CA1 /* PersistableTimer in Frameworks */ = {isa = PBXBuildFile; productRef = 42A851AE2B6F960A00B94CA1 /* PersistableTimer */; };
		42A851B12B6FAAAC00B94CA1 /* TimerView.swift in Sources */ = {isa = PBXBuildFile; fileRef = 42A851B02B6FAAAC00B94CA1 /* TimerView.swift */; };
		42A851B32B6FAAB900B94CA1 /* StopwatchView.swift in Sources */ = {isa = PBXBuildFile; fileRef = 42A851B22B6FAAB900B94CA1 /* StopwatchView.swift */; };
		42A851B52B6FB0CE00B94CA1 /* TimePicker.swift in Sources */ = {isa = PBXBuildFile; fileRef = 42A851B42B6FB0CE00B94CA1 /* TimePicker.swift */; };
/* End PBXBuildFile section */

/* Begin PBXFileReference section */
		4252439D2C66137400981D2F /* MultipleStopwatchView.swift */ = {isa = PBXFileReference; lastKnownFileType = sourcecode.swift; path = MultipleStopwatchView.swift; sourceTree = "<group>"; };
		42A8519B2B6F95C700B94CA1 /* TimerTest.app */ = {isa = PBXFileReference; explicitFileType = wrapper.application; includeInIndex = 0; path = TimerTest.app; sourceTree = BUILT_PRODUCTS_DIR; };
		42A8519E2B6F95C700B94CA1 /* TimerTestApp.swift */ = {isa = PBXFileReference; lastKnownFileType = sourcecode.swift; path = TimerTestApp.swift; sourceTree = "<group>"; };
		42A851A02B6F95C700B94CA1 /* ContentView.swift */ = {isa = PBXFileReference; lastKnownFileType = sourcecode.swift; path = ContentView.swift; sourceTree = "<group>"; };
		42A851A22B6F95C900B94CA1 /* Assets.xcassets */ = {isa = PBXFileReference; lastKnownFileType = folder.assetcatalog; path = Assets.xcassets; sourceTree = "<group>"; };
		42A851A52B6F95C900B94CA1 /* Preview Assets.xcassets */ = {isa = PBXFileReference; lastKnownFileType = folder.assetcatalog; path = "Preview Assets.xcassets"; sourceTree = "<group>"; };
		42A851AC2B6F95E400B94CA1 /* swift-persistable-timer */ = {isa = PBXFileReference; lastKnownFileType = wrapper; name = "swift-persistable-timer"; path = ../..; sourceTree = "<group>"; };
		42A851B02B6FAAAC00B94CA1 /* TimerView.swift */ = {isa = PBXFileReference; lastKnownFileType = sourcecode.swift; path = TimerView.swift; sourceTree = "<group>"; };
		42A851B22B6FAAB900B94CA1 /* StopwatchView.swift */ = {isa = PBXFileReference; lastKnownFileType = sourcecode.swift; path = StopwatchView.swift; sourceTree = "<group>"; };
		42A851B42B6FB0CE00B94CA1 /* TimePicker.swift */ = {isa = PBXFileReference; lastKnownFileType = sourcecode.swift; path = TimePicker.swift; sourceTree = "<group>"; };
/* End PBXFileReference section */

/* Begin PBXFrameworksBuildPhase section */
		42A851982B6F95C700B94CA1 /* Frameworks */ = {
			isa = PBXFrameworksBuildPhase;
			buildActionMask = 2147483647;
			files = (
				4225D7C02C5D4C3D00F932BC /* PersistableTimerText in Frameworks */,
				42A851AF2B6F960A00B94CA1 /* PersistableTimer in Frameworks */,
				425243A12C661BCB00981D2F /* UserDefaultsEditor in Frameworks */,
			);
			runOnlyForDeploymentPostprocessing = 0;
		};
/* End PBXFrameworksBuildPhase section */

/* Begin PBXGroup section */
		42A851922B6F95C600B94CA1 = {
			isa = PBXGroup;
			children = (
				42A851AC2B6F95E400B94CA1 /* swift-persistable-timer */,
				42A8519D2B6F95C700B94CA1 /* TimerTest */,
				42A851AD2B6F960A00B94CA1 /* Frameworks */,
			);
			sourceTree = "<group>";
		};
		42A8519C2B6F95C700B94CA1 /* Products */ = {
			isa = PBXGroup;
			children = (
				42A8519B2B6F95C700B94CA1 /* TimerTest.app */,
			);
			name = Products;
			path = ..;
			sourceTree = "<group>";
		};
		42A8519D2B6F95C700B94CA1 /* TimerTest */ = {
			isa = PBXGroup;
			children = (
				42A8519E2B6F95C700B94CA1 /* TimerTestApp.swift */,
				42A851B22B6FAAB900B94CA1 /* StopwatchView.swift */,
				42A851B02B6FAAAC00B94CA1 /* TimerView.swift */,
				4252439D2C66137400981D2F /* MultipleStopwatchView.swift */,
				42A851A02B6F95C700B94CA1 /* ContentView.swift */,
				42A8519C2B6F95C700B94CA1 /* Products */,
				42A851A22B6F95C900B94CA1 /* Assets.xcassets */,
				42A851A42B6F95C900B94CA1 /* Preview Content */,
				42A851B42B6FB0CE00B94CA1 /* TimePicker.swift */,
			);
			path = TimerTest;
			sourceTree = "<group>";
		};
		42A851A42B6F95C900B94CA1 /* Preview Content */ = {
			isa = PBXGroup;
			children = (
				42A851A52B6F95C900B94CA1 /* Preview Assets.xcassets */,
			);
			path = "Preview Content";
			sourceTree = "<group>";
		};
		42A851AD2B6F960A00B94CA1 /* Frameworks */ = {
			isa = PBXGroup;
			children = (
			);
			name = Frameworks;
			sourceTree = "<group>";
		};
/* End PBXGroup section */

/* Begin PBXNativeTarget section */
		42A8519A2B6F95C700B94CA1 /* TimerTest */ = {
			isa = PBXNativeTarget;
			buildConfigurationList = 42A851A92B6F95C900B94CA1 /* Build configuration list for PBXNativeTarget "TimerTest" */;
			buildPhases = (
				42A851972B6F95C700B94CA1 /* Sources */,
				42A851982B6F95C700B94CA1 /* Frameworks */,
				42A851992B6F95C700B94CA1 /* Resources */,
			);
			buildRules = (
			);
			dependencies = (
			);
			name = TimerTest;
			packageProductDependencies = (
				42A851AE2B6F960A00B94CA1 /* PersistableTimer */,
				4225D7BF2C5D4C3D00F932BC /* PersistableTimerText */,
				425243A02C661BCB00981D2F /* UserDefaultsEditor */,
			);
			productName = TimerTest;
			productReference = 42A8519B2B6F95C700B94CA1 /* TimerTest.app */;
			productType = "com.apple.product-type.application";
		};
/* End PBXNativeTarget section */

/* Begin PBXProject section */
		42A851932B6F95C600B94CA1 /* Project object */ = {
			isa = PBXProject;
			attributes = {
				BuildIndependentTargetsInParallel = 1;
				LastSwiftUpdateCheck = 1520;
				LastUpgradeCheck = 1520;
				TargetAttributes = {
					42A8519A2B6F95C700B94CA1 = {
						CreatedOnToolsVersion = 15.2;
					};
				};
			};
			buildConfigurationList = 42A851962B6F95C600B94CA1 /* Build configuration list for PBXProject "TimerTest" */;
			compatibilityVersion = "Xcode 14.0";
			developmentRegion = en;
			hasScannedForEncodings = 0;
			knownRegions = (
				en,
				Base,
			);
			mainGroup = 42A851922B6F95C600B94CA1;
			packageReferences = (
				4252439F2C661BCB00981D2F /* XCRemoteSwiftPackageReference "UserDefaultsEditor" */,
			);
			productRefGroup = 42A8519C2B6F95C700B94CA1 /* Products */;
			projectDirPath = "";
			projectRoot = "";
			targets = (
				42A8519A2B6F95C700B94CA1 /* TimerTest */,
			);
		};
/* End PBXProject section */

/* Begin PBXResourcesBuildPhase section */
		42A851992B6F95C700B94CA1 /* Resources */ = {
			isa = PBXResourcesBuildPhase;
			buildActionMask = 2147483647;
			files = (
				42A851A62B6F95C900B94CA1 /* Preview Assets.xcassets in Resources */,
				42A851A32B6F95C900B94CA1 /* Assets.xcassets in Resources */,
			);
			runOnlyForDeploymentPostprocessing = 0;
		};
/* End PBXResourcesBuildPhase section */

/* Begin PBXSourcesBuildPhase section */
		42A851972B6F95C700B94CA1 /* Sources */ = {
			isa = PBXSourcesBuildPhase;
			buildActionMask = 2147483647;
			files = (
				42A851B12B6FAAAC00B94CA1 /* TimerView.swift in Sources */,
				42A851A12B6F95C700B94CA1 /* ContentView.swift in Sources */,
				4252439E2C66137400981D2F /* MultipleStopwatchView.swift in Sources */,
				42A851B32B6FAAB900B94CA1 /* StopwatchView.swift in Sources */,
				42A8519F2B6F95C700B94CA1 /* TimerTestApp.swift in Sources */,
				42A851B52B6FB0CE00B94CA1 /* TimePicker.swift in Sources */,
			);
			runOnlyForDeploymentPostprocessing = 0;
		};
/* End PBXSourcesBuildPhase section */

/* Begin XCBuildConfiguration section */
		42A851A72B6F95C900B94CA1 /* Debug */ = {
			isa = XCBuildConfiguration;
			buildSettings = {
				ALWAYS_SEARCH_USER_PATHS = NO;
				ASSETCATALOG_COMPILER_GENERATE_SWIFT_ASSET_SYMBOL_EXTENSIONS = YES;
				CLANG_ANALYZER_NONNULL = YES;
				CLANG_ANALYZER_NUMBER_OBJECT_CONVERSION = YES_AGGRESSIVE;
				CLANG_CXX_LANGUAGE_STANDARD = "gnu++20";
				CLANG_ENABLE_MODULES = YES;
				CLANG_ENABLE_OBJC_ARC = YES;
				CLANG_ENABLE_OBJC_WEAK = YES;
				CLANG_WARN_BLOCK_CAPTURE_AUTORELEASING = YES;
				CLANG_WARN_BOOL_CONVERSION = YES;
				CLANG_WARN_COMMA = YES;
				CLANG_WARN_CONSTANT_CONVERSION = YES;
				CLANG_WARN_DEPRECATED_OBJC_IMPLEMENTATIONS = YES;
				CLANG_WARN_DIRECT_OBJC_ISA_USAGE = YES_ERROR;
				CLANG_WARN_DOCUMENTATION_COMMENTS = YES;
				CLANG_WARN_EMPTY_BODY = YES;
				CLANG_WARN_ENUM_CONVERSION = YES;
				CLANG_WARN_INFINITE_RECURSION = YES;
				CLANG_WARN_INT_CONVERSION = YES;
				CLANG_WARN_NON_LITERAL_NULL_CONVERSION = YES;
				CLANG_WARN_OBJC_IMPLICIT_RETAIN_SELF = YES;
				CLANG_WARN_OBJC_LITERAL_CONVERSION = YES;
				CLANG_WARN_OBJC_ROOT_CLASS = YES_ERROR;
				CLANG_WARN_QUOTED_INCLUDE_IN_FRAMEWORK_HEADER = YES;
				CLANG_WARN_RANGE_LOOP_ANALYSIS = YES;
				CLANG_WARN_STRICT_PROTOTYPES = YES;
				CLANG_WARN_SUSPICIOUS_MOVE = YES;
				CLANG_WARN_UNGUARDED_AVAILABILITY = YES_AGGRESSIVE;
				CLANG_WARN_UNREACHABLE_CODE = YES;
				CLANG_WARN__DUPLICATE_METHOD_MATCH = YES;
				COPY_PHASE_STRIP = NO;
				DEBUG_INFORMATION_FORMAT = dwarf;
				ENABLE_STRICT_OBJC_MSGSEND = YES;
				ENABLE_TESTABILITY = YES;
				ENABLE_USER_SCRIPT_SANDBOXING = YES;
				GCC_C_LANGUAGE_STANDARD = gnu17;
				GCC_DYNAMIC_NO_PIC = NO;
				GCC_NO_COMMON_BLOCKS = YES;
				GCC_OPTIMIZATION_LEVEL = 0;
				GCC_PREPROCESSOR_DEFINITIONS = (
					"DEBUG=1",
					"$(inherited)",
				);
				GCC_WARN_64_TO_32_BIT_CONVERSION = YES;
				GCC_WARN_ABOUT_RETURN_TYPE = YES_ERROR;
				GCC_WARN_UNDECLARED_SELECTOR = YES;
				GCC_WARN_UNINITIALIZED_AUTOS = YES_AGGRESSIVE;
				GCC_WARN_UNUSED_FUNCTION = YES;
				GCC_WARN_UNUSED_VARIABLE = YES;
				IPHONEOS_DEPLOYMENT_TARGET = 17.2;
				LOCALIZATION_PREFERS_STRING_CATALOGS = YES;
				MTL_ENABLE_DEBUG_INFO = INCLUDE_SOURCE;
				MTL_FAST_MATH = YES;
				ONLY_ACTIVE_ARCH = YES;
				SDKROOT = iphoneos;
				SWIFT_ACTIVE_COMPILATION_CONDITIONS = "DEBUG $(inherited)";
				SWIFT_OPTIMIZATION_LEVEL = "-Onone";
			};
			name = Debug;
		};
		42A851A82B6F95C900B94CA1 /* Release */ = {
			isa = XCBuildConfiguration;
			buildSettings = {
				ALWAYS_SEARCH_USER_PATHS = NO;
				ASSETCATALOG_COMPILER_GENERATE_SWIFT_ASSET_SYMBOL_EXTENSIONS = YES;
				CLANG_ANALYZER_NONNULL = YES;
				CLANG_ANALYZER_NUMBER_OBJECT_CONVERSION = YES_AGGRESSIVE;
				CLANG_CXX_LANGUAGE_STANDARD = "gnu++20";
				CLANG_ENABLE_MODULES = YES;
				CLANG_ENABLE_OBJC_ARC = YES;
				CLANG_ENABLE_OBJC_WEAK = YES;
				CLANG_WARN_BLOCK_CAPTURE_AUTORELEASING = YES;
				CLANG_WARN_BOOL_CONVERSION = YES;
				CLANG_WARN_COMMA = YES;
				CLANG_WARN_CONSTANT_CONVERSION = YES;
				CLANG_WARN_DEPRECATED_OBJC_IMPLEMENTATIONS = YES;
				CLANG_WARN_DIRECT_OBJC_ISA_USAGE = YES_ERROR;
				CLANG_WARN_DOCUMENTATION_COMMENTS = YES;
				CLANG_WARN_EMPTY_BODY = YES;
				CLANG_WARN_ENUM_CONVERSION = YES;
				CLANG_WARN_INFINITE_RECURSION = YES;
				CLANG_WARN_INT_CONVERSION = YES;
				CLANG_WARN_NON_LITERAL_NULL_CONVERSION = YES;
				CLANG_WARN_OBJC_IMPLICIT_RETAIN_SELF = YES;
				CLANG_WARN_OBJC_LITERAL_CONVERSION = YES;
				CLANG_WARN_OBJC_ROOT_CLASS = YES_ERROR;
				CLANG_WARN_QUOTED_INCLUDE_IN_FRAMEWORK_HEADER = YES;
				CLANG_WARN_RANGE_LOOP_ANALYSIS = YES;
				CLANG_WARN_STRICT_PROTOTYPES = YES;
				CLANG_WARN_SUSPICIOUS_MOVE = YES;
				CLANG_WARN_UNGUARDED_AVAILABILITY = YES_AGGRESSIVE;
				CLANG_WARN_UNREACHABLE_CODE = YES;
				CLANG_WARN__DUPLICATE_METHOD_MATCH = YES;
				COPY_PHASE_STRIP = NO;
				DEBUG_INFORMATION_FORMAT = "dwarf-with-dsym";
				ENABLE_NS_ASSERTIONS = NO;
				ENABLE_STRICT_OBJC_MSGSEND = YES;
				ENABLE_USER_SCRIPT_SANDBOXING = YES;
				GCC_C_LANGUAGE_STANDARD = gnu17;
				GCC_NO_COMMON_BLOCKS = YES;
				GCC_WARN_64_TO_32_BIT_CONVERSION = YES;
				GCC_WARN_ABOUT_RETURN_TYPE = YES_ERROR;
				GCC_WARN_UNDECLARED_SELECTOR = YES;
				GCC_WARN_UNINITIALIZED_AUTOS = YES_AGGRESSIVE;
				GCC_WARN_UNUSED_FUNCTION = YES;
				GCC_WARN_UNUSED_VARIABLE = YES;
				IPHONEOS_DEPLOYMENT_TARGET = 17.2;
				LOCALIZATION_PREFERS_STRING_CATALOGS = YES;
				MTL_ENABLE_DEBUG_INFO = NO;
				MTL_FAST_MATH = YES;
				SDKROOT = iphoneos;
				SWIFT_COMPILATION_MODE = wholemodule;
				VALIDATE_PRODUCT = YES;
			};
			name = Release;
		};
		42A851AA2B6F95C900B94CA1 /* Debug */ = {
			isa = XCBuildConfiguration;
			buildSettings = {
				ASSETCATALOG_COMPILER_APPICON_NAME = AppIcon;
				ASSETCATALOG_COMPILER_GLOBAL_ACCENT_COLOR_NAME = AccentColor;
				CODE_SIGN_STYLE = Automatic;
				CURRENT_PROJECT_VERSION = 1;
				DEVELOPMENT_ASSET_PATHS = "\"TimerTest/Preview Content\"";
				DEVELOPMENT_TEAM = G8RH83B4LT;
				ENABLE_PREVIEWS = YES;
				GENERATE_INFOPLIST_FILE = YES;
				INFOPLIST_KEY_UIApplicationSceneManifest_Generation = YES;
				INFOPLIST_KEY_UIApplicationSupportsIndirectInputEvents = YES;
				INFOPLIST_KEY_UILaunchScreen_Generation = YES;
				INFOPLIST_KEY_UISupportedInterfaceOrientations_iPad = "UIInterfaceOrientationPortrait UIInterfaceOrientationPortraitUpsideDown UIInterfaceOrientationLandscapeLeft UIInterfaceOrientationLandscapeRight";
				INFOPLIST_KEY_UISupportedInterfaceOrientations_iPhone = "UIInterfaceOrientationPortrait UIInterfaceOrientationLandscapeLeft UIInterfaceOrientationLandscapeRight";
				LD_RUNPATH_SEARCH_PATHS = (
					"$(inherited)",
					"@executable_path/Frameworks",
				);
				MARKETING_VERSION = 1.0;
				PRODUCT_BUNDLE_IDENTIFIER = com.ios.TimerTest;
				PRODUCT_NAME = "$(TARGET_NAME)";
				SWIFT_EMIT_LOC_STRINGS = YES;
				SWIFT_VERSION = 5.0;
				TARGETED_DEVICE_FAMILY = "1,2";
			};
			name = Debug;
		};
		42A851AB2B6F95C900B94CA1 /* Release */ = {
			isa = XCBuildConfiguration;
			buildSettings = {
				ASSETCATALOG_COMPILER_APPICON_NAME = AppIcon;
				ASSETCATALOG_COMPILER_GLOBAL_ACCENT_COLOR_NAME = AccentColor;
				CODE_SIGN_STYLE = Automatic;
				CURRENT_PROJECT_VERSION = 1;
				DEVELOPMENT_ASSET_PATHS = "\"TimerTest/Preview Content\"";
				DEVELOPMENT_TEAM = G8RH83B4LT;
				ENABLE_PREVIEWS = YES;
				GENERATE_INFOPLIST_FILE = YES;
				INFOPLIST_KEY_UIApplicationSceneManifest_Generation = YES;
				INFOPLIST_KEY_UIApplicationSupportsIndirectInputEvents = YES;
				INFOPLIST_KEY_UILaunchScreen_Generation = YES;
				INFOPLIST_KEY_UISupportedInterfaceOrientations_iPad = "UIInterfaceOrientationPortrait UIInterfaceOrientationPortraitUpsideDown UIInterfaceOrientationLandscapeLeft UIInterfaceOrientationLandscapeRight";
				INFOPLIST_KEY_UISupportedInterfaceOrientations_iPhone = "UIInterfaceOrientationPortrait UIInterfaceOrientationLandscapeLeft UIInterfaceOrientationLandscapeRight";
				LD_RUNPATH_SEARCH_PATHS = (
					"$(inherited)",
					"@executable_path/Frameworks",
				);
				MARKETING_VERSION = 1.0;
				PRODUCT_BUNDLE_IDENTIFIER = com.ios.TimerTest;
				PRODUCT_NAME = "$(TARGET_NAME)";
				SWIFT_EMIT_LOC_STRINGS = YES;
				SWIFT_VERSION = 5.0;
				TARGETED_DEVICE_FAMILY = "1,2";
			};
			name = Release;
		};
/* End XCBuildConfiguration section */

/* Begin XCConfigurationList section */
		42A851962B6F95C600B94CA1 /* Build configuration list for PBXProject "TimerTest" */ = {
			isa = XCConfigurationList;
			buildConfigurations = (
				42A851A72B6F95C900B94CA1 /* Debug */,
				42A851A82B6F95C900B94CA1 /* Release */,
			);
			defaultConfigurationIsVisible = 0;
			defaultConfigurationName = Release;
		};
		42A851A92B6F95C900B94CA1 /* Build configuration list for PBXNativeTarget "TimerTest" */ = {
			isa = XCConfigurationList;
			buildConfigurations = (
				42A851AA2B6F95C900B94CA1 /* Debug */,
				42A851AB2B6F95C900B94CA1 /* Release */,
			);
			defaultConfigurationIsVisible = 0;
			defaultConfigurationName = Release;
		};
/* End XCConfigurationList section */

/* Begin XCRemoteSwiftPackageReference section */
		4252439F2C661BCB00981D2F /* XCRemoteSwiftPackageReference "UserDefaultsEditor" */ = {
			isa = XCRemoteSwiftPackageReference;
			repositoryURL = "https://github.com/Ryu0118/UserDefaultsEditor";
			requirement = {
				kind = upToNextMajorVersion;
				minimumVersion = 0.4.0;
			};
		};
/* End XCRemoteSwiftPackageReference section */

/* Begin XCSwiftPackageProductDependency section */
		4225D7BF2C5D4C3D00F932BC /* PersistableTimerText */ = {
			isa = XCSwiftPackageProductDependency;
			productName = PersistableTimerText;
		};
		425243A02C661BCB00981D2F /* UserDefaultsEditor */ = {
			isa = XCSwiftPackageProductDependency;
			package = 4252439F2C661BCB00981D2F /* XCRemoteSwiftPackageReference "UserDefaultsEditor" */;
			productName = UserDefaultsEditor;
		};
		42A851AE2B6F960A00B94CA1 /* PersistableTimer */ = {
			isa = XCSwiftPackageProductDependency;
			productName = PersistableTimer;
		};
/* End XCSwiftPackageProductDependency section */
	};
	rootObject = 42A851932B6F95C600B94CA1 /* Project object */;
}
